
Microsoft Visual Studio Solution File, Format Version 12.00
# Visual Studio 15
VisualStudioVersion = 15.0.27428.2002
MinimumVisualStudioVersion = 10.0.40219.1
Project("{9A19103F-16F7-4668-BE54-9A1E7A4F7556}") = "BlankApp3", "BlankApp3\BlankApp3\BlankApp3.csproj", "{F0260793-3134-4712-8018-CD13E7ED8AEE}"
EndProject
Project("{FAE04EC0-301F-11D3-BF4B-00C04F79EFBC}") = "BlankApp3.Android", "BlankApp3\BlankApp3.Android\BlankApp3.Android.csproj", "{77CDFB70-F50A-418B-A26F-31C234FFC808}"
EndProject
Project("{FAE04EC0-301F-11D3-BF4B-00C04F79EFBC}") = "BlankApp3.iOS", "BlankApp3\BlankApp3.iOS\BlankApp3.iOS.csproj", "{6F62689B-EBE5-40AF-BF12-E5F1DFEECF6B}"
EndProject
Project("{FAE04EC0-301F-11D3-BF4B-00C04F79EFBC}") = "BlankApp3.UWP", "BlankApp3\BlankApp3.UWP\BlankApp3.UWP.csproj", "{F5DD02E1-2D4E-45F5-BDF7-995154BEFF94}"
EndProject
Global
	GlobalSection(SolutionConfigurationPlatforms) = preSolution
		Ad-Hoc|Any CPU = Ad-Hoc|Any CPU
		Ad-Hoc|ARM = Ad-Hoc|ARM
		Ad-Hoc|iPhone = Ad-Hoc|iPhone
		Ad-Hoc|iPhoneSimulator = Ad-Hoc|iPhoneSimulator
		Ad-Hoc|x64 = Ad-Hoc|x64
		Ad-Hoc|x86 = Ad-Hoc|x86
		AppStore|Any CPU = AppStore|Any CPU
		AppStore|ARM = AppStore|ARM
		AppStore|iPhone = AppStore|iPhone
		AppStore|iPhoneSimulator = AppStore|iPhoneSimulator
		AppStore|x64 = AppStore|x64
		AppStore|x86 = AppStore|x86
		Debug|Any CPU = Debug|Any CPU
		Debug|ARM = Debug|ARM
		Debug|iPhone = Debug|iPhone
		Debug|iPhoneSimulator = Debug|iPhoneSimulator
		Debug|x64 = Debug|x64
		Debug|x86 = Debug|x86
		Release|Any CPU = Release|Any CPU
		Release|ARM = Release|ARM
		Release|iPhone = Release|iPhone
		Release|iPhoneSimulator = Release|iPhoneSimulator
		Release|x64 = Release|x64
		Release|x86 = Release|x86
	EndGlobalSection
	GlobalSection(ProjectConfigurationPlatforms) = postSolution
		{F0260793-3134-4712-8018-CD13E7ED8AEE}.Ad-Hoc|Any CPU.ActiveCfg = Debug|Any CPU
		{F0260793-3134-4712-8018-CD13E7ED8AEE}.Ad-Hoc|Any CPU.Build.0 = Debug|Any CPU
		{F0260793-3134-4712-8018-CD13E7ED8AEE}.Ad-Hoc|ARM.ActiveCfg = Debug|Any CPU
		{F0260793-3134-4712-8018-CD13E7ED8AEE}.Ad-Hoc|ARM.Build.0 = Debug|Any CPU
		{F0260793-3134-4712-8018-CD13E7ED8AEE}.Ad-Hoc|iPhone.ActiveCfg = Debug|Any CPU
		{F0260793-3134-4712-8018-CD13E7ED8AEE}.Ad-Hoc|iPhone.Build.0 = Debug|Any CPU
		{F0260793-3134-4712-8018-CD13E7ED8AEE}.Ad-Hoc|iPhoneSimulator.ActiveCfg = Debug|Any CPU
		{F0260793-3134-4712-8018-CD13E7ED8AEE}.Ad-Hoc|iPhoneSimulator.Build.0 = Debug|Any CPU
		{F0260793-3134-4712-8018-CD13E7ED8AEE}.Ad-Hoc|x64.ActiveCfg = Debug|Any CPU
		{F0260793-3134-4712-8018-CD13E7ED8AEE}.Ad-Hoc|x64.Build.0 = Debug|Any CPU
		{F0260793-3134-4712-8018-CD13E7ED8AEE}.Ad-Hoc|x86.ActiveCfg = Debug|Any CPU
		{F0260793-3134-4712-8018-CD13E7ED8AEE}.Ad-Hoc|x86.Build.0 = Debug|Any CPU
		{F0260793-3134-4712-8018-CD13E7ED8AEE}.AppStore|Any CPU.ActiveCfg = Debug|Any CPU
		{F0260793-3134-4712-8018-CD13E7ED8AEE}.AppStore|Any CPU.Build.0 = Debug|Any CPU
		{F0260793-3134-4712-8018-CD13E7ED8AEE}.AppStore|ARM.ActiveCfg = Debug|Any CPU
		{F0260793-3134-4712-8018-CD13E7ED8AEE}.AppStore|ARM.Build.0 = Debug|Any CPU
		{F0260793-3134-4712-8018-CD13E7ED8AEE}.AppStore|iPhone.ActiveCfg = Debug|Any CPU
		{F0260793-3134-4712-8018-CD13E7ED8AEE}.AppStore|iPhone.Build.0 = Debug|Any CPU
		{F0260793-3134-4712-8018-CD13E7ED8AEE}.AppStore|iPhoneSimulator.ActiveCfg = Debug|Any CPU
		{F0260793-3134-4712-8018-CD13E7ED8AEE}.AppStore|iPhoneSimulator.Build.0 = Debug|Any CPU
		{F0260793-3134-4712-8018-CD13E7ED8AEE}.AppStore|x64.ActiveCfg = Debug|Any CPU
		{F0260793-3134-4712-8018-CD13E7ED8AEE}.AppStore|x64.Build.0 = Debug|Any CPU
		{F0260793-3134-4712-8018-CD13E7ED8AEE}.AppStore|x86.ActiveCfg = Debug|Any CPU
		{F0260793-3134-4712-8018-CD13E7ED8AEE}.AppStore|x86.Build.0 = Debug|Any CPU
		{F0260793-3134-4712-8018-CD13E7ED8AEE}.Debug|Any CPU.ActiveCfg = Debug|Any CPU
		{F0260793-3134-4712-8018-CD13E7ED8AEE}.Debug|Any CPU.Build.0 = Debug|Any CPU
		{F0260793-3134-4712-8018-CD13E7ED8AEE}.Debug|ARM.ActiveCfg = Debug|Any CPU
		{F0260793-3134-4712-8018-CD13E7ED8AEE}.Debug|ARM.Build.0 = Debug|Any CPU
		{F0260793-3134-4712-8018-CD13E7ED8AEE}.Debug|iPhone.ActiveCfg = Debug|Any CPU
		{F0260793-3134-4712-8018-CD13E7ED8AEE}.Debug|iPhone.Build.0 = Debug|Any CPU
		{F0260793-3134-4712-8018-CD13E7ED8AEE}.Debug|iPhoneSimulator.ActiveCfg = Debug|Any CPU
		{F0260793-3134-4712-8018-CD13E7ED8AEE}.Debug|iPhoneSimulator.Build.0 = Debug|Any CPU
		{F0260793-3134-4712-8018-CD13E7ED8AEE}.Debug|x64.ActiveCfg = Debug|Any CPU
		{F0260793-3134-4712-8018-CD13E7ED8AEE}.Debug|x64.Build.0 = Debug|Any CPU
		{F0260793-3134-4712-8018-CD13E7ED8AEE}.Debug|x86.ActiveCfg = Debug|Any CPU
		{F0260793-3134-4712-8018-CD13E7ED8AEE}.Debug|x86.Build.0 = Debug|Any CPU
		{F0260793-3134-4712-8018-CD13E7ED8AEE}.Release|Any CPU.ActiveCfg = Release|Any CPU
		{F0260793-3134-4712-8018-CD13E7ED8AEE}.Release|Any CPU.Build.0 = Release|Any CPU
		{F0260793-3134-4712-8018-CD13E7ED8AEE}.Release|ARM.ActiveCfg = Release|Any CPU
		{F0260793-3134-4712-8018-CD13E7ED8AEE}.Release|ARM.Build.0 = Release|Any CPU
		{F0260793-3134-4712-8018-CD13E7ED8AEE}.Release|iPhone.ActiveCfg = Release|Any CPU
		{F0260793-3134-4712-8018-CD13E7ED8AEE}.Release|iPhone.Build.0 = Release|Any CPU
		{F0260793-3134-4712-8018-CD13E7ED8AEE}.Release|iPhoneSimulator.ActiveCfg = Release|Any CPU
		{F0260793-3134-4712-8018-CD13E7ED8AEE}.Release|iPhoneSimulator.Build.0 = Release|Any CPU
		{F0260793-3134-4712-8018-CD13E7ED8AEE}.Release|x64.ActiveCfg = Release|Any CPU
		{F0260793-3134-4712-8018-CD13E7ED8AEE}.Release|x64.Build.0 = Release|Any CPU
		{F0260793-3134-4712-8018-CD13E7ED8AEE}.Release|x86.ActiveCfg = Release|Any CPU
		{F0260793-3134-4712-8018-CD13E7ED8AEE}.Release|x86.Build.0 = Release|Any CPU
		{77CDFB70-F50A-418B-A26F-31C234FFC808}.Ad-Hoc|Any CPU.ActiveCfg = Release|Any CPU
		{77CDFB70-F50A-418B-A26F-31C234FFC808}.Ad-Hoc|Any CPU.Build.0 = Release|Any CPU
		{77CDFB70-F50A-418B-A26F-31C234FFC808}.Ad-Hoc|Any CPU.Deploy.0 = Release|Any CPU
		{77CDFB70-F50A-418B-A26F-31C234FFC808}.Ad-Hoc|ARM.ActiveCfg = Release|Any CPU
		{77CDFB70-F50A-418B-A26F-31C234FFC808}.Ad-Hoc|ARM.Build.0 = Release|Any CPU
		{77CDFB70-F50A-418B-A26F-31C234FFC808}.Ad-Hoc|ARM.Deploy.0 = Release|Any CPU
		{77CDFB70-F50A-418B-A26F-31C234FFC808}.Ad-Hoc|iPhone.ActiveCfg = Release|Any CPU
		{77CDFB70-F50A-418B-A26F-31C234FFC808}.Ad-Hoc|iPhone.Build.0 = Release|Any CPU
		{77CDFB70-F50A-418B-A26F-31C234FFC808}.Ad-Hoc|iPhone.Deploy.0 = Release|Any CPU
		{77CDFB70-F50A-418B-A26F-31C234FFC808}.Ad-Hoc|iPhoneSimulator.ActiveCfg = Release|Any CPU
		{77CDFB70-F50A-418B-A26F-31C234FFC808}.Ad-Hoc|iPhoneSimulator.Build.0 = Release|Any CPU
		{77CDFB70-F50A-418B-A26F-31C234FFC808}.Ad-Hoc|iPhoneSimulator.Deploy.0 = Release|Any CPU
		{77CDFB70-F50A-418B-A26F-31C234FFC808}.Ad-Hoc|x64.ActiveCfg = Release|Any CPU
		{77CDFB70-F50A-418B-A26F-31C234FFC808}.Ad-Hoc|x64.Build.0 = Release|Any CPU
		{77CDFB70-F50A-418B-A26F-31C234FFC808}.Ad-Hoc|x64.Deploy.0 = Release|Any CPU
		{77CDFB70-F50A-418B-A26F-31C234FFC808}.Ad-Hoc|x86.ActiveCfg = Release|Any CPU
		{77CDFB70-F50A-418B-A26F-31C234FFC808}.Ad-Hoc|x86.Build.0 = Release|Any CPU
		{77CDFB70-F50A-418B-A26F-31C234FFC808}.Ad-Hoc|x86.Deploy.0 = Release|Any CPU
		{77CDFB70-F50A-418B-A26F-31C234FFC808}.AppStore|Any CPU.ActiveCfg = Release|Any CPU
		{77CDFB70-F50A-418B-A26F-31C234FFC808}.AppStore|Any CPU.Build.0 = Release|Any CPU
		{77CDFB70-F50A-418B-A26F-31C234FFC808}.AppStore|Any CPU.Deploy.0 = Release|Any CPU
		{77CDFB70-F50A-418B-A26F-31C234FFC808}.AppStore|ARM.ActiveCfg = Release|Any CPU
		{77CDFB70-F50A-418B-A26F-31C234FFC808}.AppStore|ARM.Build.0 = Release|Any CPU
		{77CDFB70-F50A-418B-A26F-31C234FFC808}.AppStore|ARM.Deploy.0 = Release|Any CPU
		{77CDFB70-F50A-418B-A26F-31C234FFC808}.AppStore|iPhone.ActiveCfg = Release|Any CPU
		{77CDFB70-F50A-418B-A26F-31C234FFC808}.AppStore|iPhone.Build.0 = Release|Any CPU
		{77CDFB70-F50A-418B-A26F-31C234FFC808}.AppStore|iPhone.Deploy.0 = Release|Any CPU
		{77CDFB70-F50A-418B-A26F-31C234FFC808}.AppStore|iPhoneSimulator.ActiveCfg = Release|Any CPU
		{77CDFB70-F50A-418B-A26F-31C234FFC808}.AppStore|iPhoneSimulator.Build.0 = Release|Any CPU
		{77CDFB70-F50A-418B-A26F-31C234FFC808}.AppStore|iPhoneSimulator.Deploy.0 = Release|Any CPU
		{77CDFB70-F50A-418B-A26F-31C234FFC808}.AppStore|x64.ActiveCfg = Release|Any CPU
		{77CDFB70-F50A-418B-A26F-31C234FFC808}.AppStore|x64.Build.0 = Release|Any CPU
		{77CDFB70-F50A-418B-A26F-31C234FFC808}.AppStore|x64.Deploy.0 = Release|Any CPU
		{77CDFB70-F50A-418B-A26F-31C234FFC808}.AppStore|x86.ActiveCfg = Release|Any CPU
		{77CDFB70-F50A-418B-A26F-31C234FFC808}.AppStore|x86.Build.0 = Release|Any CPU
		{77CDFB70-F50A-418B-A26F-31C234FFC808}.AppStore|x86.Deploy.0 = Release|Any CPU
		{77CDFB70-F50A-418B-A26F-31C234FFC808}.Debug|Any CPU.ActiveCfg = Debug|Any CPU
		{77CDFB70-F50A-418B-A26F-31C234FFC808}.Debug|Any CPU.Build.0 = Debug|Any CPU
		{77CDFB70-F50A-418B-A26F-31C234FFC808}.Debug|Any CPU.Deploy.0 = Debug|Any CPU
		{77CDFB70-F50A-418B-A26F-31C234FFC808}.Debug|ARM.ActiveCfg = Debug|Any CPU
		{77CDFB70-F50A-418B-A26F-31C234FFC808}.Debug|ARM.Build.0 = Debug|Any CPU
		{77CDFB70-F50A-418B-A26F-31C234FFC808}.Debug|ARM.Deploy.0 = Debug|Any CPU
		{77CDFB70-F50A-418B-A26F-31C234FFC808}.Debug|iPhone.ActiveCfg = Debug|Any CPU
		{77CDFB70-F50A-418B-A26F-31C234FFC808}.Debug|iPhone.Build.0 = Debug|Any CPU
		{77CDFB70-F50A-418B-A26F-31C234FFC808}.Debug|iPhone.Deploy.0 = Debug|Any CPU
		{77CDFB70-F50A-418B-A26F-31C234FFC808}.Debug|iPhoneSimulator.ActiveCfg = Debug|Any CPU
		{77CDFB70-F50A-418B-A26F-31C234FFC808}.Debug|iPhoneSimulator.Build.0 = Debug|Any CPU
		{77CDFB70-F50A-418B-A26F-31C234FFC808}.Debug|iPhoneSimulator.Deploy.0 = Debug|Any CPU
		{77CDFB70-F50A-418B-A26F-31C234FFC808}.Debug|x64.ActiveCfg = Debug|Any CPU
		{77CDFB70-F50A-418B-A26F-31C234FFC808}.Debug|x64.Build.0 = Debug|Any CPU
		{77CDFB70-F50A-418B-A26F-31C234FFC808}.Debug|x64.Deploy.0 = Debug|Any CPU
		{77CDFB70-F50A-418B-A26F-31C234FFC808}.Debug|x86.ActiveCfg = Debug|Any CPU
		{77CDFB70-F50A-418B-A26F-31C234FFC808}.Debug|x86.Build.0 = Debug|Any CPU
		{77CDFB70-F50A-418B-A26F-31C234FFC808}.Debug|x86.Deploy.0 = Debug|Any CPU
		{77CDFB70-F50A-418B-A26F-31C234FFC808}.Release|Any CPU.ActiveCfg = Release|Any CPU
		{77CDFB70-F50A-418B-A26F-31C234FFC808}.Release|Any CPU.Build.0 = Release|Any CPU
		{77CDFB70-F50A-418B-A26F-31C234FFC808}.Release|Any CPU.Deploy.0 = Release|Any CPU
		{77CDFB70-F50A-418B-A26F-31C234FFC808}.Release|ARM.ActiveCfg = Release|Any CPU
		{77CDFB70-F50A-418B-A26F-31C234FFC808}.Release|ARM.Build.0 = Release|Any CPU
		{77CDFB70-F50A-418B-A26F-31C234FFC808}.Release|ARM.Deploy.0 = Release|Any CPU
		{77CDFB70-F50A-418B-A26F-31C234FFC808}.Release|iPhone.ActiveCfg = Release|Any CPU
		{77CDFB70-F50A-418B-A26F-31C234FFC808}.Release|iPhone.Build.0 = Release|Any CPU
		{77CDFB70-F50A-418B-A26F-31C234FFC808}.Release|iPhone.Deploy.0 = Release|Any CPU
		{77CDFB70-F50A-418B-A26F-31C234FFC808}.Release|iPhoneSimulator.ActiveCfg = Release|Any CPU
		{77CDFB70-F50A-418B-A26F-31C234FFC808}.Release|iPhoneSimulator.Build.0 = Release|Any CPU
		{77CDFB70-F50A-418B-A26F-31C234FFC808}.Release|iPhoneSimulator.Deploy.0 = Release|Any CPU
		{77CDFB70-F50A-418B-A26F-31C234FFC808}.Release|x64.ActiveCfg = Release|Any CPU
		{77CDFB70-F50A-418B-A26F-31C234FFC808}.Release|x64.Build.0 = Release|Any CPU
		{77CDFB70-F50A-418B-A26F-31C234FFC808}.Release|x64.Deploy.0 = Release|Any CPU
		{77CDFB70-F50A-418B-A26F-31C234FFC808}.Release|x86.ActiveCfg = Release|Any CPU
		{77CDFB70-F50A-418B-A26F-31C234FFC808}.Release|x86.Build.0 = Release|Any CPU
		{77CDFB70-F50A-418B-A26F-31C234FFC808}.Release|x86.Deploy.0 = Release|Any CPU
		{6F62689B-EBE5-40AF-BF12-E5F1DFEECF6B}.Ad-Hoc|Any CPU.ActiveCfg = Ad-Hoc|iPhone
		{6F62689B-EBE5-40AF-BF12-E5F1DFEECF6B}.Ad-Hoc|ARM.ActiveCfg = Ad-Hoc|iPhone
		{6F62689B-EBE5-40AF-BF12-E5F1DFEECF6B}.Ad-Hoc|iPhone.ActiveCfg = Ad-Hoc|iPhone
		{6F62689B-EBE5-40AF-BF12-E5F1DFEECF6B}.Ad-Hoc|iPhone.Build.0 = Ad-Hoc|iPhone
		{6F62689B-EBE5-40AF-BF12-E5F1DFEECF6B}.Ad-Hoc|iPhoneSimulator.ActiveCfg = Ad-Hoc|iPhoneSimulator
		{6F62689B-EBE5-40AF-BF12-E5F1DFEECF6B}.Ad-Hoc|iPhoneSimulator.Build.0 = Ad-Hoc|iPhoneSimulator
		{6F62689B-EBE5-40AF-BF12-E5F1DFEECF6B}.Ad-Hoc|x64.ActiveCfg = Ad-Hoc|iPhone
		{6F62689B-EBE5-40AF-BF12-E5F1DFEECF6B}.Ad-Hoc|x86.ActiveCfg = Ad-Hoc|iPhone
		{6F62689B-EBE5-40AF-BF12-E5F1DFEECF6B}.AppStore|Any CPU.ActiveCfg = AppStore|iPhone
		{6F62689B-EBE5-40AF-BF12-E5F1DFEECF6B}.AppStore|ARM.ActiveCfg = AppStore|iPhone
		{6F62689B-EBE5-40AF-BF12-E5F1DFEECF6B}.AppStore|iPhone.ActiveCfg = AppStore|iPhone
		{6F62689B-EBE5-40AF-BF12-E5F1DFEECF6B}.AppStore|iPhone.Build.0 = AppStore|iPhone
		{6F62689B-EBE5-40AF-BF12-E5F1DFEECF6B}.AppStore|iPhoneSimulator.ActiveCfg = AppStore|iPhoneSimulator
		{6F62689B-EBE5-40AF-BF12-E5F1DFEECF6B}.AppStore|iPhoneSimulator.Build.0 = AppStore|iPhoneSimulator
		{6F62689B-EBE5-40AF-BF12-E5F1DFEECF6B}.AppStore|x64.ActiveCfg = AppStore|iPhone
		{6F62689B-EBE5-40AF-BF12-E5F1DFEECF6B}.AppStore|x86.ActiveCfg = AppStore|iPhone
		{6F62689B-EBE5-40AF-BF12-E5F1DFEECF6B}.Debug|Any CPU.ActiveCfg = Debug|iPhone
		{6F62689B-EBE5-40AF-BF12-E5F1DFEECF6B}.Debug|ARM.ActiveCfg = Debug|iPhone
		{6F62689B-EBE5-40AF-BF12-E5F1DFEECF6B}.Debug|iPhone.ActiveCfg = Debug|iPhone
		{6F62689B-EBE5-40AF-BF12-E5F1DFEECF6B}.Debug|iPhone.Build.0 = Debug|iPhone
		{6F62689B-EBE5-40AF-BF12-E5F1DFEECF6B}.Debug|iPhoneSimulator.ActiveCfg = Debug|iPhoneSimulator
		{6F62689B-EBE5-40AF-BF12-E5F1DFEECF6B}.Debug|iPhoneSimulator.Build.0 = Debug|iPhoneSimulator
		{6F62689B-EBE5-40AF-BF12-E5F1DFEECF6B}.Debug|x64.ActiveCfg = Debug|iPhone
		{6F62689B-EBE5-40AF-BF12-E5F1DFEECF6B}.Debug|x86.ActiveCfg = Debug|iPhone
		{6F62689B-EBE5-40AF-BF12-E5F1DFEECF6B}.Release|Any CPU.ActiveCfg = Release|iPhone
		{6F62689B-EBE5-40AF-BF12-E5F1DFEECF6B}.Release|ARM.ActiveCfg = Release|iPhone
		{6F62689B-EBE5-40AF-BF12-E5F1DFEECF6B}.Release|iPhone.ActiveCfg = Release|iPhone
		{6F62689B-EBE5-40AF-BF12-E5F1DFEECF6B}.Release|iPhone.Build.0 = Release|iPhone
		{6F62689B-EBE5-40AF-BF12-E5F1DFEECF6B}.Release|iPhoneSimulator.ActiveCfg = Release|iPhoneSimulator
		{6F62689B-EBE5-40AF-BF12-E5F1DFEECF6B}.Release|iPhoneSimulator.Build.0 = Release|iPhoneSimulator
		{6F62689B-EBE5-40AF-BF12-E5F1DFEECF6B}.Release|x64.ActiveCfg = Release|iPhone
		{6F62689B-EBE5-40AF-BF12-E5F1DFEECF6B}.Release|x86.ActiveCfg = Release|iPhone
		{F5DD02E1-2D4E-45F5-BDF7-995154BEFF94}.Ad-Hoc|Any CPU.ActiveCfg = Release|x86
		{F5DD02E1-2D4E-45F5-BDF7-995154BEFF94}.Ad-Hoc|Any CPU.Build.0 = Release|x86
		{F5DD02E1-2D4E-45F5-BDF7-995154BEFF94}.Ad-Hoc|Any CPU.Deploy.0 = Release|x86
		{F5DD02E1-2D4E-45F5-BDF7-995154BEFF94}.Ad-Hoc|ARM.ActiveCfg = Release|ARM
		{F5DD02E1-2D4E-45F5-BDF7-995154BEFF94}.Ad-Hoc|ARM.Build.0 = Release|ARM
		{F5DD02E1-2D4E-45F5-BDF7-995154BEFF94}.Ad-Hoc|ARM.Deploy.0 = Release|ARM
		{F5DD02E1-2D4E-45F5-BDF7-995154BEFF94}.Ad-Hoc|iPhone.ActiveCfg = Release|x86
		{F5DD02E1-2D4E-45F5-BDF7-995154BEFF94}.Ad-Hoc|iPhone.Build.0 = Release|x86
		{F5DD02E1-2D4E-45F5-BDF7-995154BEFF94}.Ad-Hoc|iPhone.Deploy.0 = Release|x86
		{F5DD02E1-2D4E-45F5-BDF7-995154BEFF94}.Ad-Hoc|iPhoneSimulator.ActiveCfg = Release|x86
		{F5DD02E1-2D4E-45F5-BDF7-995154BEFF94}.Ad-Hoc|iPhoneSimulator.Build.0 = Release|x86
		{F5DD02E1-2D4E-45F5-BDF7-995154BEFF94}.Ad-Hoc|iPhoneSimulator.Deploy.0 = Release|x86
		{F5DD02E1-2D4E-45F5-BDF7-995154BEFF94}.Ad-Hoc|x64.ActiveCfg = Release|x64
		{F5DD02E1-2D4E-45F5-BDF7-995154BEFF94}.Ad-Hoc|x64.Build.0 = Release|x64
		{F5DD02E1-2D4E-45F5-BDF7-995154BEFF94}.Ad-Hoc|x64.Deploy.0 = Release|x64
		{F5DD02E1-2D4E-45F5-BDF7-995154BEFF94}.Ad-Hoc|x86.ActiveCfg = Release|x86
		{F5DD02E1-2D4E-45F5-BDF7-995154BEFF94}.Ad-Hoc|x86.Build.0 = Release|x86
		{F5DD02E1-2D4E-45F5-BDF7-995154BEFF94}.Ad-Hoc|x86.Deploy.0 = Release|x86
		{F5DD02E1-2D4E-45F5-BDF7-995154BEFF94}.AppStore|Any CPU.ActiveCfg = Release|x86
		{F5DD02E1-2D4E-45F5-BDF7-995154BEFF94}.AppStore|Any CPU.Build.0 = Release|x86
		{F5DD02E1-2D4E-45F5-BDF7-995154BEFF94}.AppStore|Any CPU.Deploy.0 = Release|x86
		{F5DD02E1-2D4E-45F5-BDF7-995154BEFF94}.AppStore|ARM.ActiveCfg = Release|ARM
		{F5DD02E1-2D4E-45F5-BDF7-995154BEFF94}.AppStore|ARM.Build.0 = Release|ARM
		{F5DD02E1-2D4E-45F5-BDF7-995154BEFF94}.AppStore|ARM.Deploy.0 = Release|ARM
		{F5DD02E1-2D4E-45F5-BDF7-995154BEFF94}.AppStore|iPhone.ActiveCfg = Release|x86
		{F5DD02E1-2D4E-45F5-BDF7-995154BEFF94}.AppStore|iPhone.Build.0 = Release|x86
		{F5DD02E1-2D4E-45F5-BDF7-995154BEFF94}.AppStore|iPhone.Deploy.0 = Release|x86
		{F5DD02E1-2D4E-45F5-BDF7-995154BEFF94}.AppStore|iPhoneSimulator.ActiveCfg = Release|x86
		{F5DD02E1-2D4E-45F5-BDF7-995154BEFF94}.AppStore|iPhoneSimulator.Build.0 = Release|x86
		{F5DD02E1-2D4E-45F5-BDF7-995154BEFF94}.AppStore|iPhoneSimulator.Deploy.0 = Release|x86
		{F5DD02E1-2D4E-45F5-BDF7-995154BEFF94}.AppStore|x64.ActiveCfg = Release|x64
		{F5DD02E1-2D4E-45F5-BDF7-995154BEFF94}.AppStore|x64.Build.0 = Release|x64
		{F5DD02E1-2D4E-45F5-BDF7-995154BEFF94}.AppStore|x64.Deploy.0 = Release|x64
		{F5DD02E1-2D4E-45F5-BDF7-995154BEFF94}.AppStore|x86.ActiveCfg = Release|x86
		{F5DD02E1-2D4E-45F5-BDF7-995154BEFF94}.AppStore|x86.Build.0 = Release|x86
		{F5DD02E1-2D4E-45F5-BDF7-995154BEFF94}.AppStore|x86.Deploy.0 = Release|x86
		{F5DD02E1-2D4E-45F5-BDF7-995154BEFF94}.Debug|Any CPU.ActiveCfg = Debug|x86
		{F5DD02E1-2D4E-45F5-BDF7-995154BEFF94}.Debug|Any CPU.Deploy.0 = Debug|x86
		{F5DD02E1-2D4E-45F5-BDF7-995154BEFF94}.Debug|ARM.ActiveCfg = Debug|ARM
		{F5DD02E1-2D4E-45F5-BDF7-995154BEFF94}.Debug|ARM.Build.0 = Debug|ARM
		{F5DD02E1-2D4E-45F5-BDF7-995154BEFF94}.Debug|ARM.Deploy.0 = Debug|ARM
		{F5DD02E1-2D4E-45F5-BDF7-995154BEFF94}.Debug|iPhone.ActiveCfg = Debug|x86
		{F5DD02E1-2D4E-45F5-BDF7-995154BEFF94}.Debug|iPhoneSimulator.ActiveCfg = Debug|x86
		{F5DD02E1-2D4E-45F5-BDF7-995154BEFF94}.Debug|x64.ActiveCfg = Debug|x64
		{F5DD02E1-2D4E-45F5-BDF7-995154BEFF94}.Debug|x64.Build.0 = Debug|x64
		{F5DD02E1-2D4E-45F5-BDF7-995154BEFF94}.Debug|x64.Deploy.0 = Debug|x64
		{F5DD02E1-2D4E-45F5-BDF7-995154BEFF94}.Debug|x86.ActiveCfg = Debug|x86
		{F5DD02E1-2D4E-45F5-BDF7-995154BEFF94}.Debug|x86.Build.0 = Debug|x86
		{F5DD02E1-2D4E-45F5-BDF7-995154BEFF94}.Debug|x86.Deploy.0 = Debug|x86
		{F5DD02E1-2D4E-45F5-BDF7-995154BEFF94}.Release|Any CPU.ActiveCfg = Release|x86
		{F5DD02E1-2D4E-45F5-BDF7-995154BEFF94}.Release|ARM.ActiveCfg = Release|ARM
		{F5DD02E1-2D4E-45F5-BDF7-995154BEFF94}.Release|ARM.Build.0 = Release|ARM
		{F5DD02E1-2D4E-45F5-BDF7-995154BEFF94}.Release|ARM.Deploy.0 = Release|ARM
		{F5DD02E1-2D4E-45F5-BDF7-995154BEFF94}.Release|iPhone.ActiveCfg = Release|x86
		{F5DD02E1-2D4E-45F5-BDF7-995154BEFF94}.Release|iPhoneSimulator.ActiveCfg = Release|x86
		{F5DD02E1-2D4E-45F5-BDF7-995154BEFF94}.Release|x64.ActiveCfg = Release|x64
		{F5DD02E1-2D4E-45F5-BDF7-995154BEFF94}.Release|x64.Build.0 = Release|x64
		{F5DD02E1-2D4E-45F5-BDF7-995154BEFF94}.Release|x64.Deploy.0 = Release|x64
		{F5DD02E1-2D4E-45F5-BDF7-995154BEFF94}.Release|x86.ActiveCfg = Release|x86
		{F5DD02E1-2D4E-45F5-BDF7-995154BEFF94}.Release|x86.Build.0 = Release|x86
		{F5DD02E1-2D4E-45F5-BDF7-995154BEFF94}.Release|x86.Deploy.0 = Release|x86
	EndGlobalSection
	GlobalSection(SolutionProperties) = preSolution
		HideSolutionNode = FALSE
	EndGlobalSection
	GlobalSection(ExtensibilityGlobals) = postSolution
		SolutionGuid = {ED571662-11C9-4562-B78B-7356CE344903}
	EndGlobalSection
EndGlobal
